
Microsoft Visual Studio Solution File, Format Version 12.00
# Visual Studio Version 16
VisualStudioVersion = 25.0.1703.5
MinimumVisualStudioVersion = 10.0.40219.1
Project("{FAE04EC0-301F-11D3-BF4B-00C04F79EFBC}") = "03.Histogram", "03.Histogram\03.Histogram.csproj", "{52F68413-EC82-4B42-92B0-41CDF153821A}"
EndProject
Global
	GlobalSection(SolutionConfigurationPlatforms) = preSolution
		Debug|Any CPU = Debug|Any CPU
		Release|Any CPU = Release|Any CPU
	EndGlobalSection
	GlobalSection(ProjectConfigurationPlatforms) = postSolution
		{52F68413-EC82-4B42-92B0-41CDF153821A}.Debug|Any CPU.ActiveCfg = Debug|Any CPU
		{52F68413-EC82-4B42-92B0-41CDF153821A}.Debug|Any CPU.Build.0 = Debug|Any CPU
		{52F68413-EC82-4B42-92B0-41CDF153821A}.Release|Any CPU.ActiveCfg = Release|Any CPU
		{52F68413-EC82-4B42-92B0-41CDF153821A}.Release|Any CPU.Build.0 = Release|Any CPU
	EndGlobalSection
	GlobalSection(SolutionProperties) = preSolution
		HideSolutionNode = FALSE
	EndGlobalSection
	GlobalSection(ExtensibilityGlobals) = postSolution
		SolutionGuid = {15AC1F3A-466C-4041-8964-F7B19FF73DBA}
	EndGlobalSection
EndGlobal
