
Microsoft Visual Studio Solution File, Format Version 12.00
# Visual Studio Version 16
VisualStudioVersion = 25.0.1703.6
MinimumVisualStudioVersion = 10.0.40219.1
Project("{FAE04EC0-301F-11D3-BF4B-00C04F79EFBC}") = "08.Tennis_Ranklist", "08.Tennis_Ranklist\08.Tennis_Ranklist.csproj", "{833AF8C7-F620-4C85-A683-40BCFFBA207F}"
EndProject
Global
	GlobalSection(SolutionConfigurationPlatforms) = preSolution
		Debug|Any CPU = Debug|Any CPU
		Release|Any CPU = Release|Any CPU
	EndGlobalSection
	GlobalSection(ProjectConfigurationPlatforms) = postSolution
		{833AF8C7-F620-4C85-A683-40BCFFBA207F}.Debug|Any CPU.ActiveCfg = Debug|Any CPU
		{833AF8C7-F620-4C85-A683-40BCFFBA207F}.Debug|Any CPU.Build.0 = Debug|Any CPU
		{833AF8C7-F620-4C85-A683-40BCFFBA207F}.Release|Any CPU.ActiveCfg = Release|Any CPU
		{833AF8C7-F620-4C85-A683-40BCFFBA207F}.Release|Any CPU.Build.0 = Release|Any CPU
	EndGlobalSection
	GlobalSection(SolutionProperties) = preSolution
		HideSolutionNode = FALSE
	EndGlobalSection
	GlobalSection(ExtensibilityGlobals) = postSolution
		SolutionGuid = {0E5C1D46-4FF7-427D-A12E-B3E847CF254B}
	EndGlobalSection
EndGlobal
