
Microsoft Visual Studio Solution File, Format Version 12.00
# Visual Studio Version 16
VisualStudioVersion = 25.0.1703.5
MinimumVisualStudioVersion = 10.0.40219.1
Project("{FAE04EC0-301F-11D3-BF4B-00C04F79EFBC}") = "07.Trekking_Mania", "07.Trekking_Mania\07.Trekking_Mania.csproj", "{8843DE3E-CA15-452F-89A4-52B9A4167F7E}"
EndProject
Global
	GlobalSection(SolutionConfigurationPlatforms) = preSolution
		Debug|Any CPU = Debug|Any CPU
		Release|Any CPU = Release|Any CPU
	EndGlobalSection
	GlobalSection(ProjectConfigurationPlatforms) = postSolution
		{8843DE3E-CA15-452F-89A4-52B9A4167F7E}.Debug|Any CPU.ActiveCfg = Debug|Any CPU
		{8843DE3E-CA15-452F-89A4-52B9A4167F7E}.Debug|Any CPU.Build.0 = Debug|Any CPU
		{8843DE3E-CA15-452F-89A4-52B9A4167F7E}.Release|Any CPU.ActiveCfg = Release|Any CPU
		{8843DE3E-CA15-452F-89A4-52B9A4167F7E}.Release|Any CPU.Build.0 = Release|Any CPU
	EndGlobalSection
	GlobalSection(SolutionProperties) = preSolution
		HideSolutionNode = FALSE
	EndGlobalSection
	GlobalSection(ExtensibilityGlobals) = postSolution
		SolutionGuid = {1EE2B584-AD29-4E76-8708-95F28C9244AD}
	EndGlobalSection
EndGlobal
